
Microsoft Visual Studio Solution File, Format Version 12.00
# Visual Studio 15
VisualStudioVersion = 15.0.27703.2035
MinimumVisualStudioVersion = 10.0.40219.1
Project("{8BC9CEB8-8B4A-11D0-8D11-00A0C91BC942}") = "KateBot", "KateBot.vcxproj", "{24A93360-0006-46C7-A9F7-7DAA78A58FBA}"
EndProject
Global
	GlobalSection(SolutionConfigurationPlatforms) = preSolution
		Debug|x86 = Debug|x86
		Release|x86 = Release|x86
	EndGlobalSection
	GlobalSection(ProjectConfigurationPlatforms) = postSolution
		{24A93360-0006-46C7-A9F7-7DAA78A58FBA}.Debug|x86.ActiveCfg = Debug|Win32
		{24A93360-0006-46C7-A9F7-7DAA78A58FBA}.Debug|x86.Build.0 = Debug|Win32
		{24A93360-0006-46C7-A9F7-7DAA78A58FBA}.Release|x86.ActiveCfg = Release|Win32
		{24A93360-0006-46C7-A9F7-7DAA78A58FBA}.Release|x86.Build.0 = Release|Win32
	EndGlobalSection
	GlobalSection(SolutionProperties) = preSolution
		HideSolutionNode = FALSE
	EndGlobalSection
	GlobalSection(ExtensibilityGlobals) = postSolution
		SolutionGuid = {A4571DFF-8B29-4E7E-B13C-D7F0A480424D}
	EndGlobalSection
EndGlobal
